{
  "name": "guitar",
  "version": "1.0.0",
  "lockfileVersion": 3,
  "requires": true,
  "packages": {
    "": {
      "name": "guitar",
      "version": "1.0.0",
      "license": "ISC",
      "dependencies": {
        "@coderline/alphatab": "^1.8.4"
      }
    },
    "node_modules/@coderline/alphatab": {
      "version": "1.8.4",
      "resolved": "https://registry.npmjs.org/@coderline/alphatab/-/alphatab-1.8.4.tgz",
      "integrity": "sha512-VN5rfTZZWgA63Ny1aDKCp02k3Qm9CHhg4Q9AnK0kHm7G+fNDNZo36TeToPDFoJ6VpB9+AHcCrHwHFUP1tKqdsw==",
      "license": "MPL-2.0",
      "engines": {
        "node": ">=6.0.0"
      }
    }
  }
}
